
Microsoft Visual Studio Solution File, Format Version 12.00
# Visual Studio Version 17
VisualStudioVersion = 17.4.33403.182
MinimumVisualStudioVersion = 10.0.40219.1
Project("{9A19103F-16F7-4668-BE54-9A1E7A4F7556}") = "ToDoList", "ToDoList\ToDoList.csproj", "{9E1BE0B0-DED5-4034-B581-B82BD4E35A56}"
EndProject
Global
	GlobalSection(SolutionConfigurationPlatforms) = preSolution
		Debug|Any CPU = Debug|Any CPU
		Release|Any CPU = Release|Any CPU
	EndGlobalSection
	GlobalSection(ProjectConfigurationPlatforms) = postSolution
		{9E1BE0B0-DED5-4034-B581-B82BD4E35A56}.Debug|Any CPU.ActiveCfg = Debug|Any CPU
		{9E1BE0B0-DED5-4034-B581-B82BD4E35A56}.Debug|Any CPU.Build.0 = Debug|Any CPU
		{9E1BE0B0-DED5-4034-B581-B82BD4E35A56}.Release|Any CPU.ActiveCfg = Release|Any CPU
		{9E1BE0B0-DED5-4034-B581-B82BD4E35A56}.Release|Any CPU.Build.0 = Release|Any CPU
	EndGlobalSection
	GlobalSection(SolutionProperties) = preSolution
		HideSolutionNode = FALSE
	EndGlobalSection
	GlobalSection(ExtensibilityGlobals) = postSolution
		SolutionGuid = {6B831940-54E3-4426-B982-829F3F84B33D}
	EndGlobalSection
EndGlobal
